
Microsoft Visual Studio Solution File, Format Version 12.00
# Visual Studio 15
VisualStudioVersion = 15.0.28307.421
MinimumVisualStudioVersion = 10.0.40219.1
Project("{9A19103F-16F7-4668-BE54-9A1E7A4F7556}") = "kcdnug.Mobile", "kcdnug.Mobile\kcdnug.Mobile.csproj", "{6A74815A-010E-45DB-B5CA-AE61FBCF7C99}"
EndProject
Project("{FAE04EC0-301F-11D3-BF4B-00C04F79EFBC}") = "kcdnug.Mobile.Android", "kcdnug.Mobile.Android\kcdnug.Mobile.Android.csproj", "{0DE3C403-417E-47F6-A3F9-5A8362412D17}"
EndProject
Project("{FAE04EC0-301F-11D3-BF4B-00C04F79EFBC}") = "kcdnug.Mobile.iOS", "kcdnug.Mobile.iOS\kcdnug.Mobile.iOS.csproj", "{0FDD0E3D-6EF1-4D4E-9BAC-FE43CA3BDD45}"
EndProject
Project("{FAE04EC0-301F-11D3-BF4B-00C04F79EFBC}") = "kcdnug.Mobile.UWP", "kcdnug.Mobile.UWP\kcdnug.Mobile.UWP.csproj", "{57D9C4E4-A429-4204-8929-00F957E693A7}"
EndProject
Project("{2150E333-8FDC-42A3-9474-1A3956D46DE8}") = "Platform", "Platform", "{33AF0297-B59C-45B8-A4F6-7F69364F5FA4}"
EndProject
Project("{9A19103F-16F7-4668-BE54-9A1E7A4F7556}") = "kcdnug.Mobile.Repositories", "kcdnug.Mobile.Repositories\kcdnug.Mobile.Repositories.csproj", "{12C3FB8F-0476-4520-9F17-47FF74AB2350}"
EndProject
Project("{9A19103F-16F7-4668-BE54-9A1E7A4F7556}") = "kcdnug.Services", "kcdnug.Services\kcdnug.Services.csproj", "{82658988-9776-4EB0-8E0F-84AD1E8E61FA}"
EndProject
Project("{9A19103F-16F7-4668-BE54-9A1E7A4F7556}") = "kcdnug.Mobile.Tests", "kcdnug.Mobile.Tests\kcdnug.Mobile.Tests.csproj", "{260F379B-59B7-4E47-BCEC-9EEBBF9C8DED}"
EndProject
Project("{9A19103F-16F7-4668-BE54-9A1E7A4F7556}") = "kcdnug.Mobile.Repositories.Tests", "kcdnug.Mobile.Repositories.Tests\kcdnug.Mobile.Repositories.Tests.csproj", "{2113B019-5F00-41CD-B623-F5736C9E7E1E}"
EndProject
Project("{9A19103F-16F7-4668-BE54-9A1E7A4F7556}") = "kcdnug.Services.Tests", "kcdnug.Services.Tests\kcdnug.Services.Tests.csproj", "{070E89FA-7493-484C-9434-50AA8D7AA76E}"
EndProject
Project("{2150E333-8FDC-42A3-9474-1A3956D46DE8}") = "__Xamarin Forms", "__Xamarin Forms", "{CF6AC173-808B-4D9F-AD08-A9CFA1D86CCA}"
EndProject
Project("{2150E333-8FDC-42A3-9474-1A3956D46DE8}") = "_Repositories", "_Repositories", "{B94D346B-B1B0-46AB-BF0B-720A06489D45}"
EndProject
Project("{2150E333-8FDC-42A3-9474-1A3956D46DE8}") = "_Services", "_Services", "{588ED37F-1FDE-4A24-AC23-24EF16B9F4D5}"
EndProject
Project("{2150E333-8FDC-42A3-9474-1A3956D46DE8}") = "Azure", "Azure", "{C63DFF8F-A745-4E69-90E7-5E0EA2249538}"
EndProject
Project("{FAE04EC0-301F-11D3-BF4B-00C04F79EFBC}") = "kcdnug.Azure.Api", "kcdnug.Azure.Api\kcdnug.Azure.Api.csproj", "{058D1E4D-6BC8-4DE9-AFEC-7C0C8CC12B4B}"
EndProject
Global
	GlobalSection(SolutionConfigurationPlatforms) = preSolution
		Ad-Hoc|Any CPU = Ad-Hoc|Any CPU
		Ad-Hoc|ARM = Ad-Hoc|ARM
		Ad-Hoc|iPhone = Ad-Hoc|iPhone
		Ad-Hoc|iPhoneSimulator = Ad-Hoc|iPhoneSimulator
		Ad-Hoc|x64 = Ad-Hoc|x64
		Ad-Hoc|x86 = Ad-Hoc|x86
		AppStore|Any CPU = AppStore|Any CPU
		AppStore|ARM = AppStore|ARM
		AppStore|iPhone = AppStore|iPhone
		AppStore|iPhoneSimulator = AppStore|iPhoneSimulator
		AppStore|x64 = AppStore|x64
		AppStore|x86 = AppStore|x86
		Debug|Any CPU = Debug|Any CPU
		Debug|ARM = Debug|ARM
		Debug|iPhone = Debug|iPhone
		Debug|iPhoneSimulator = Debug|iPhoneSimulator
		Debug|x64 = Debug|x64
		Debug|x86 = Debug|x86
		Release|Any CPU = Release|Any CPU
		Release|ARM = Release|ARM
		Release|iPhone = Release|iPhone
		Release|iPhoneSimulator = Release|iPhoneSimulator
		Release|x64 = Release|x64
		Release|x86 = Release|x86
	EndGlobalSection
	GlobalSection(ProjectConfigurationPlatforms) = postSolution
		{6A74815A-010E-45DB-B5CA-AE61FBCF7C99}.Ad-Hoc|Any CPU.ActiveCfg = Debug|Any CPU
		{6A74815A-010E-45DB-B5CA-AE61FBCF7C99}.Ad-Hoc|Any CPU.Build.0 = Debug|Any CPU
		{6A74815A-010E-45DB-B5CA-AE61FBCF7C99}.Ad-Hoc|ARM.ActiveCfg = Debug|Any CPU
		{6A74815A-010E-45DB-B5CA-AE61FBCF7C99}.Ad-Hoc|ARM.Build.0 = Debug|Any CPU
		{6A74815A-010E-45DB-B5CA-AE61FBCF7C99}.Ad-Hoc|iPhone.ActiveCfg = Debug|Any CPU
		{6A74815A-010E-45DB-B5CA-AE61FBCF7C99}.Ad-Hoc|iPhone.Build.0 = Debug|Any CPU
		{6A74815A-010E-45DB-B5CA-AE61FBCF7C99}.Ad-Hoc|iPhoneSimulator.ActiveCfg = Debug|Any CPU
		{6A74815A-010E-45DB-B5CA-AE61FBCF7C99}.Ad-Hoc|iPhoneSimulator.Build.0 = Debug|Any CPU
		{6A74815A-010E-45DB-B5CA-AE61FBCF7C99}.Ad-Hoc|x64.ActiveCfg = Debug|Any CPU
		{6A74815A-010E-45DB-B5CA-AE61FBCF7C99}.Ad-Hoc|x64.Build.0 = Debug|Any CPU
		{6A74815A-010E-45DB-B5CA-AE61FBCF7C99}.Ad-Hoc|x86.ActiveCfg = Debug|Any CPU
		{6A74815A-010E-45DB-B5CA-AE61FBCF7C99}.Ad-Hoc|x86.Build.0 = Debug|Any CPU
		{6A74815A-010E-45DB-B5CA-AE61FBCF7C99}.AppStore|Any CPU.ActiveCfg = Debug|Any CPU
		{6A74815A-010E-45DB-B5CA-AE61FBCF7C99}.AppStore|Any CPU.Build.0 = Debug|Any CPU
		{6A74815A-010E-45DB-B5CA-AE61FBCF7C99}.AppStore|ARM.ActiveCfg = Debug|Any CPU
		{6A74815A-010E-45DB-B5CA-AE61FBCF7C99}.AppStore|ARM.Build.0 = Debug|Any CPU
		{6A74815A-010E-45DB-B5CA-AE61FBCF7C99}.AppStore|iPhone.ActiveCfg = Debug|Any CPU
		{6A74815A-010E-45DB-B5CA-AE61FBCF7C99}.AppStore|iPhone.Build.0 = Debug|Any CPU
		{6A74815A-010E-45DB-B5CA-AE61FBCF7C99}.AppStore|iPhoneSimulator.ActiveCfg = Debug|Any CPU
		{6A74815A-010E-45DB-B5CA-AE61FBCF7C99}.AppStore|iPhoneSimulator.Build.0 = Debug|Any CPU
		{6A74815A-010E-45DB-B5CA-AE61FBCF7C99}.AppStore|x64.ActiveCfg = Debug|Any CPU
		{6A74815A-010E-45DB-B5CA-AE61FBCF7C99}.AppStore|x64.Build.0 = Debug|Any CPU
		{6A74815A-010E-45DB-B5CA-AE61FBCF7C99}.AppStore|x86.ActiveCfg = Debug|Any CPU
		{6A74815A-010E-45DB-B5CA-AE61FBCF7C99}.AppStore|x86.Build.0 = Debug|Any CPU
		{6A74815A-010E-45DB-B5CA-AE61FBCF7C99}.Debug|Any CPU.ActiveCfg = Debug|Any CPU
		{6A74815A-010E-45DB-B5CA-AE61FBCF7C99}.Debug|Any CPU.Build.0 = Debug|Any CPU
		{6A74815A-010E-45DB-B5CA-AE61FBCF7C99}.Debug|ARM.ActiveCfg = Debug|Any CPU
		{6A74815A-010E-45DB-B5CA-AE61FBCF7C99}.Debug|ARM.Build.0 = Debug|Any CPU
		{6A74815A-010E-45DB-B5CA-AE61FBCF7C99}.Debug|iPhone.ActiveCfg = Debug|Any CPU
		{6A74815A-010E-45DB-B5CA-AE61FBCF7C99}.Debug|iPhone.Build.0 = Debug|Any CPU
		{6A74815A-010E-45DB-B5CA-AE61FBCF7C99}.Debug|iPhoneSimulator.ActiveCfg = Debug|Any CPU
		{6A74815A-010E-45DB-B5CA-AE61FBCF7C99}.Debug|iPhoneSimulator.Build.0 = Debug|Any CPU
		{6A74815A-010E-45DB-B5CA-AE61FBCF7C99}.Debug|x64.ActiveCfg = Debug|Any CPU
		{6A74815A-010E-45DB-B5CA-AE61FBCF7C99}.Debug|x64.Build.0 = Debug|Any CPU
		{6A74815A-010E-45DB-B5CA-AE61FBCF7C99}.Debug|x86.ActiveCfg = Debug|Any CPU
		{6A74815A-010E-45DB-B5CA-AE61FBCF7C99}.Debug|x86.Build.0 = Debug|Any CPU
		{6A74815A-010E-45DB-B5CA-AE61FBCF7C99}.Release|Any CPU.ActiveCfg = Release|Any CPU
		{6A74815A-010E-45DB-B5CA-AE61FBCF7C99}.Release|Any CPU.Build.0 = Release|Any CPU
		{6A74815A-010E-45DB-B5CA-AE61FBCF7C99}.Release|ARM.ActiveCfg = Release|Any CPU
		{6A74815A-010E-45DB-B5CA-AE61FBCF7C99}.Release|ARM.Build.0 = Release|Any CPU
		{6A74815A-010E-45DB-B5CA-AE61FBCF7C99}.Release|iPhone.ActiveCfg = Release|Any CPU
		{6A74815A-010E-45DB-B5CA-AE61FBCF7C99}.Release|iPhone.Build.0 = Release|Any CPU
		{6A74815A-010E-45DB-B5CA-AE61FBCF7C99}.Release|iPhoneSimulator.ActiveCfg = Release|Any CPU
		{6A74815A-010E-45DB-B5CA-AE61FBCF7C99}.Release|iPhoneSimulator.Build.0 = Release|Any CPU
		{6A74815A-010E-45DB-B5CA-AE61FBCF7C99}.Release|x64.ActiveCfg = Release|Any CPU
		{6A74815A-010E-45DB-B5CA-AE61FBCF7C99}.Release|x64.Build.0 = Release|Any CPU
		{6A74815A-010E-45DB-B5CA-AE61FBCF7C99}.Release|x86.ActiveCfg = Release|Any CPU
		{6A74815A-010E-45DB-B5CA-AE61FBCF7C99}.Release|x86.Build.0 = Release|Any CPU
		{0DE3C403-417E-47F6-A3F9-5A8362412D17}.Ad-Hoc|Any CPU.ActiveCfg = Release|Any CPU
		{0DE3C403-417E-47F6-A3F9-5A8362412D17}.Ad-Hoc|Any CPU.Build.0 = Release|Any CPU
		{0DE3C403-417E-47F6-A3F9-5A8362412D17}.Ad-Hoc|Any CPU.Deploy.0 = Release|Any CPU
		{0DE3C403-417E-47F6-A3F9-5A8362412D17}.Ad-Hoc|ARM.ActiveCfg = Release|Any CPU
		{0DE3C403-417E-47F6-A3F9-5A8362412D17}.Ad-Hoc|ARM.Build.0 = Release|Any CPU
		{0DE3C403-417E-47F6-A3F9-5A8362412D17}.Ad-Hoc|ARM.Deploy.0 = Release|Any CPU
		{0DE3C403-417E-47F6-A3F9-5A8362412D17}.Ad-Hoc|iPhone.ActiveCfg = Release|Any CPU
		{0DE3C403-417E-47F6-A3F9-5A8362412D17}.Ad-Hoc|iPhone.Build.0 = Release|Any CPU
		{0DE3C403-417E-47F6-A3F9-5A8362412D17}.Ad-Hoc|iPhone.Deploy.0 = Release|Any CPU
		{0DE3C403-417E-47F6-A3F9-5A8362412D17}.Ad-Hoc|iPhoneSimulator.ActiveCfg = Release|Any CPU
		{0DE3C403-417E-47F6-A3F9-5A8362412D17}.Ad-Hoc|iPhoneSimulator.Build.0 = Release|Any CPU
		{0DE3C403-417E-47F6-A3F9-5A8362412D17}.Ad-Hoc|iPhoneSimulator.Deploy.0 = Release|Any CPU
		{0DE3C403-417E-47F6-A3F9-5A8362412D17}.Ad-Hoc|x64.ActiveCfg = Release|Any CPU
		{0DE3C403-417E-47F6-A3F9-5A8362412D17}.Ad-Hoc|x64.Build.0 = Release|Any CPU
		{0DE3C403-417E-47F6-A3F9-5A8362412D17}.Ad-Hoc|x64.Deploy.0 = Release|Any CPU
		{0DE3C403-417E-47F6-A3F9-5A8362412D17}.Ad-Hoc|x86.ActiveCfg = Release|Any CPU
		{0DE3C403-417E-47F6-A3F9-5A8362412D17}.Ad-Hoc|x86.Build.0 = Release|Any CPU
		{0DE3C403-417E-47F6-A3F9-5A8362412D17}.Ad-Hoc|x86.Deploy.0 = Release|Any CPU
		{0DE3C403-417E-47F6-A3F9-5A8362412D17}.AppStore|Any CPU.ActiveCfg = Release|Any CPU
		{0DE3C403-417E-47F6-A3F9-5A8362412D17}.AppStore|Any CPU.Build.0 = Release|Any CPU
		{0DE3C403-417E-47F6-A3F9-5A8362412D17}.AppStore|Any CPU.Deploy.0 = Release|Any CPU
		{0DE3C403-417E-47F6-A3F9-5A8362412D17}.AppStore|ARM.ActiveCfg = Release|Any CPU
		{0DE3C403-417E-47F6-A3F9-5A8362412D17}.AppStore|ARM.Build.0 = Release|Any CPU
		{0DE3C403-417E-47F6-A3F9-5A8362412D17}.AppStore|ARM.Deploy.0 = Release|Any CPU
		{0DE3C403-417E-47F6-A3F9-5A8362412D17}.AppStore|iPhone.ActiveCfg = Release|Any CPU
		{0DE3C403-417E-47F6-A3F9-5A8362412D17}.AppStore|iPhone.Build.0 = Release|Any CPU
		{0DE3C403-417E-47F6-A3F9-5A8362412D17}.AppStore|iPhone.Deploy.0 = Release|Any CPU
		{0DE3C403-417E-47F6-A3F9-5A8362412D17}.AppStore|iPhoneSimulator.ActiveCfg = Release|Any CPU
		{0DE3C403-417E-47F6-A3F9-5A8362412D17}.AppStore|iPhoneSimulator.Build.0 = Release|Any CPU
		{0DE3C403-417E-47F6-A3F9-5A8362412D17}.AppStore|iPhoneSimulator.Deploy.0 = Release|Any CPU
		{0DE3C403-417E-47F6-A3F9-5A8362412D17}.AppStore|x64.ActiveCfg = Release|Any CPU
		{0DE3C403-417E-47F6-A3F9-5A8362412D17}.AppStore|x64.Build.0 = Release|Any CPU
		{0DE3C403-417E-47F6-A3F9-5A8362412D17}.AppStore|x64.Deploy.0 = Release|Any CPU
		{0DE3C403-417E-47F6-A3F9-5A8362412D17}.AppStore|x86.ActiveCfg = Release|Any CPU
		{0DE3C403-417E-47F6-A3F9-5A8362412D17}.AppStore|x86.Build.0 = Release|Any CPU
		{0DE3C403-417E-47F6-A3F9-5A8362412D17}.AppStore|x86.Deploy.0 = Release|Any CPU
		{0DE3C403-417E-47F6-A3F9-5A8362412D17}.Debug|Any CPU.ActiveCfg = Debug|Any CPU
		{0DE3C403-417E-47F6-A3F9-5A8362412D17}.Debug|Any CPU.Build.0 = Debug|Any CPU
		{0DE3C403-417E-47F6-A3F9-5A8362412D17}.Debug|Any CPU.Deploy.0 = Debug|Any CPU
		{0DE3C403-417E-47F6-A3F9-5A8362412D17}.Debug|ARM.ActiveCfg = Debug|Any CPU
		{0DE3C403-417E-47F6-A3F9-5A8362412D17}.Debug|ARM.Build.0 = Debug|Any CPU
		{0DE3C403-417E-47F6-A3F9-5A8362412D17}.Debug|ARM.Deploy.0 = Debug|Any CPU
		{0DE3C403-417E-47F6-A3F9-5A8362412D17}.Debug|iPhone.ActiveCfg = Debug|Any CPU
		{0DE3C403-417E-47F6-A3F9-5A8362412D17}.Debug|iPhone.Build.0 = Debug|Any CPU
		{0DE3C403-417E-47F6-A3F9-5A8362412D17}.Debug|iPhone.Deploy.0 = Debug|Any CPU
		{0DE3C403-417E-47F6-A3F9-5A8362412D17}.Debug|iPhoneSimulator.ActiveCfg = Debug|Any CPU
		{0DE3C403-417E-47F6-A3F9-5A8362412D17}.Debug|iPhoneSimulator.Build.0 = Debug|Any CPU
		{0DE3C403-417E-47F6-A3F9-5A8362412D17}.Debug|iPhoneSimulator.Deploy.0 = Debug|Any CPU
		{0DE3C403-417E-47F6-A3F9-5A8362412D17}.Debug|x64.ActiveCfg = Debug|Any CPU
		{0DE3C403-417E-47F6-A3F9-5A8362412D17}.Debug|x64.Build.0 = Debug|Any CPU
		{0DE3C403-417E-47F6-A3F9-5A8362412D17}.Debug|x64.Deploy.0 = Debug|Any CPU
		{0DE3C403-417E-47F6-A3F9-5A8362412D17}.Debug|x86.ActiveCfg = Debug|Any CPU
		{0DE3C403-417E-47F6-A3F9-5A8362412D17}.Debug|x86.Build.0 = Debug|Any CPU
		{0DE3C403-417E-47F6-A3F9-5A8362412D17}.Debug|x86.Deploy.0 = Debug|Any CPU
		{0DE3C403-417E-47F6-A3F9-5A8362412D17}.Release|Any CPU.ActiveCfg = Release|Any CPU
		{0DE3C403-417E-47F6-A3F9-5A8362412D17}.Release|Any CPU.Build.0 = Release|Any CPU
		{0DE3C403-417E-47F6-A3F9-5A8362412D17}.Release|Any CPU.Deploy.0 = Release|Any CPU
		{0DE3C403-417E-47F6-A3F9-5A8362412D17}.Release|ARM.ActiveCfg = Release|Any CPU
		{0DE3C403-417E-47F6-A3F9-5A8362412D17}.Release|ARM.Build.0 = Release|Any CPU
		{0DE3C403-417E-47F6-A3F9-5A8362412D17}.Release|ARM.Deploy.0 = Release|Any CPU
		{0DE3C403-417E-47F6-A3F9-5A8362412D17}.Release|iPhone.ActiveCfg = Release|Any CPU
		{0DE3C403-417E-47F6-A3F9-5A8362412D17}.Release|iPhone.Build.0 = Release|Any CPU
		{0DE3C403-417E-47F6-A3F9-5A8362412D17}.Release|iPhone.Deploy.0 = Release|Any CPU
		{0DE3C403-417E-47F6-A3F9-5A8362412D17}.Release|iPhoneSimulator.ActiveCfg = Release|Any CPU
		{0DE3C403-417E-47F6-A3F9-5A8362412D17}.Release|iPhoneSimulator.Build.0 = Release|Any CPU
		{0DE3C403-417E-47F6-A3F9-5A8362412D17}.Release|iPhoneSimulator.Deploy.0 = Release|Any CPU
		{0DE3C403-417E-47F6-A3F9-5A8362412D17}.Release|x64.ActiveCfg = Release|Any CPU
		{0DE3C403-417E-47F6-A3F9-5A8362412D17}.Release|x64.Build.0 = Release|Any CPU
		{0DE3C403-417E-47F6-A3F9-5A8362412D17}.Release|x64.Deploy.0 = Release|Any CPU
		{0DE3C403-417E-47F6-A3F9-5A8362412D17}.Release|x86.ActiveCfg = Release|Any CPU
		{0DE3C403-417E-47F6-A3F9-5A8362412D17}.Release|x86.Build.0 = Release|Any CPU
		{0DE3C403-417E-47F6-A3F9-5A8362412D17}.Release|x86.Deploy.0 = Release|Any CPU
		{0FDD0E3D-6EF1-4D4E-9BAC-FE43CA3BDD45}.Ad-Hoc|Any CPU.ActiveCfg = Ad-Hoc|iPhone
		{0FDD0E3D-6EF1-4D4E-9BAC-FE43CA3BDD45}.Ad-Hoc|ARM.ActiveCfg = Ad-Hoc|iPhone
		{0FDD0E3D-6EF1-4D4E-9BAC-FE43CA3BDD45}.Ad-Hoc|iPhone.ActiveCfg = Ad-Hoc|iPhone
		{0FDD0E3D-6EF1-4D4E-9BAC-FE43CA3BDD45}.Ad-Hoc|iPhone.Build.0 = Ad-Hoc|iPhone
		{0FDD0E3D-6EF1-4D4E-9BAC-FE43CA3BDD45}.Ad-Hoc|iPhoneSimulator.ActiveCfg = Ad-Hoc|iPhoneSimulator
		{0FDD0E3D-6EF1-4D4E-9BAC-FE43CA3BDD45}.Ad-Hoc|iPhoneSimulator.Build.0 = Ad-Hoc|iPhoneSimulator
		{0FDD0E3D-6EF1-4D4E-9BAC-FE43CA3BDD45}.Ad-Hoc|x64.ActiveCfg = Ad-Hoc|iPhone
		{0FDD0E3D-6EF1-4D4E-9BAC-FE43CA3BDD45}.Ad-Hoc|x86.ActiveCfg = Ad-Hoc|iPhone
		{0FDD0E3D-6EF1-4D4E-9BAC-FE43CA3BDD45}.AppStore|Any CPU.ActiveCfg = AppStore|iPhone
		{0FDD0E3D-6EF1-4D4E-9BAC-FE43CA3BDD45}.AppStore|ARM.ActiveCfg = AppStore|iPhone
		{0FDD0E3D-6EF1-4D4E-9BAC-FE43CA3BDD45}.AppStore|iPhone.ActiveCfg = AppStore|iPhone
		{0FDD0E3D-6EF1-4D4E-9BAC-FE43CA3BDD45}.AppStore|iPhone.Build.0 = AppStore|iPhone
		{0FDD0E3D-6EF1-4D4E-9BAC-FE43CA3BDD45}.AppStore|iPhoneSimulator.ActiveCfg = AppStore|iPhoneSimulator
		{0FDD0E3D-6EF1-4D4E-9BAC-FE43CA3BDD45}.AppStore|iPhoneSimulator.Build.0 = AppStore|iPhoneSimulator
		{0FDD0E3D-6EF1-4D4E-9BAC-FE43CA3BDD45}.AppStore|x64.ActiveCfg = AppStore|iPhone
		{0FDD0E3D-6EF1-4D4E-9BAC-FE43CA3BDD45}.AppStore|x86.ActiveCfg = AppStore|iPhone
		{0FDD0E3D-6EF1-4D4E-9BAC-FE43CA3BDD45}.Debug|Any CPU.ActiveCfg = Debug|iPhone
		{0FDD0E3D-6EF1-4D4E-9BAC-FE43CA3BDD45}.Debug|ARM.ActiveCfg = Debug|iPhone
		{0FDD0E3D-6EF1-4D4E-9BAC-FE43CA3BDD45}.Debug|iPhone.ActiveCfg = Debug|iPhone
		{0FDD0E3D-6EF1-4D4E-9BAC-FE43CA3BDD45}.Debug|iPhone.Build.0 = Debug|iPhone
		{0FDD0E3D-6EF1-4D4E-9BAC-FE43CA3BDD45}.Debug|iPhoneSimulator.ActiveCfg = Debug|iPhoneSimulator
		{0FDD0E3D-6EF1-4D4E-9BAC-FE43CA3BDD45}.Debug|iPhoneSimulator.Build.0 = Debug|iPhoneSimulator
		{0FDD0E3D-6EF1-4D4E-9BAC-FE43CA3BDD45}.Debug|x64.ActiveCfg = Debug|iPhone
		{0FDD0E3D-6EF1-4D4E-9BAC-FE43CA3BDD45}.Debug|x86.ActiveCfg = Debug|iPhone
		{0FDD0E3D-6EF1-4D4E-9BAC-FE43CA3BDD45}.Release|Any CPU.ActiveCfg = Release|iPhone
		{0FDD0E3D-6EF1-4D4E-9BAC-FE43CA3BDD45}.Release|ARM.ActiveCfg = Release|iPhone
		{0FDD0E3D-6EF1-4D4E-9BAC-FE43CA3BDD45}.Release|iPhone.ActiveCfg = Release|iPhone
		{0FDD0E3D-6EF1-4D4E-9BAC-FE43CA3BDD45}.Release|iPhone.Build.0 = Release|iPhone
		{0FDD0E3D-6EF1-4D4E-9BAC-FE43CA3BDD45}.Release|iPhoneSimulator.ActiveCfg = Release|iPhoneSimulator
		{0FDD0E3D-6EF1-4D4E-9BAC-FE43CA3BDD45}.Release|iPhoneSimulator.Build.0 = Release|iPhoneSimulator
		{0FDD0E3D-6EF1-4D4E-9BAC-FE43CA3BDD45}.Release|x64.ActiveCfg = Release|iPhone
		{0FDD0E3D-6EF1-4D4E-9BAC-FE43CA3BDD45}.Release|x86.ActiveCfg = Release|iPhone
		{57D9C4E4-A429-4204-8929-00F957E693A7}.Ad-Hoc|Any CPU.ActiveCfg = Release|x86
		{57D9C4E4-A429-4204-8929-00F957E693A7}.Ad-Hoc|Any CPU.Build.0 = Release|x86
		{57D9C4E4-A429-4204-8929-00F957E693A7}.Ad-Hoc|Any CPU.Deploy.0 = Release|x86
		{57D9C4E4-A429-4204-8929-00F957E693A7}.Ad-Hoc|ARM.ActiveCfg = Release|ARM
		{57D9C4E4-A429-4204-8929-00F957E693A7}.Ad-Hoc|ARM.Build.0 = Release|ARM
		{57D9C4E4-A429-4204-8929-00F957E693A7}.Ad-Hoc|ARM.Deploy.0 = Release|ARM
		{57D9C4E4-A429-4204-8929-00F957E693A7}.Ad-Hoc|iPhone.ActiveCfg = Release|x86
		{57D9C4E4-A429-4204-8929-00F957E693A7}.Ad-Hoc|iPhone.Build.0 = Release|x86
		{57D9C4E4-A429-4204-8929-00F957E693A7}.Ad-Hoc|iPhone.Deploy.0 = Release|x86
		{57D9C4E4-A429-4204-8929-00F957E693A7}.Ad-Hoc|iPhoneSimulator.ActiveCfg = Release|x86
		{57D9C4E4-A429-4204-8929-00F957E693A7}.Ad-Hoc|iPhoneSimulator.Build.0 = Release|x86
		{57D9C4E4-A429-4204-8929-00F957E693A7}.Ad-Hoc|iPhoneSimulator.Deploy.0 = Release|x86
		{57D9C4E4-A429-4204-8929-00F957E693A7}.Ad-Hoc|x64.ActiveCfg = Release|x64
		{57D9C4E4-A429-4204-8929-00F957E693A7}.Ad-Hoc|x64.Build.0 = Release|x64
		{57D9C4E4-A429-4204-8929-00F957E693A7}.Ad-Hoc|x64.Deploy.0 = Release|x64
		{57D9C4E4-A429-4204-8929-00F957E693A7}.Ad-Hoc|x86.ActiveCfg = Release|x86
		{57D9C4E4-A429-4204-8929-00F957E693A7}.Ad-Hoc|x86.Build.0 = Release|x86
		{57D9C4E4-A429-4204-8929-00F957E693A7}.Ad-Hoc|x86.Deploy.0 = Release|x86
		{57D9C4E4-A429-4204-8929-00F957E693A7}.AppStore|Any CPU.ActiveCfg = Release|x86
		{57D9C4E4-A429-4204-8929-00F957E693A7}.AppStore|Any CPU.Build.0 = Release|x86
		{57D9C4E4-A429-4204-8929-00F957E693A7}.AppStore|Any CPU.Deploy.0 = Release|x86
		{57D9C4E4-A429-4204-8929-00F957E693A7}.AppStore|ARM.ActiveCfg = Release|ARM
		{57D9C4E4-A429-4204-8929-00F957E693A7}.AppStore|ARM.Build.0 = Release|ARM
		{57D9C4E4-A429-4204-8929-00F957E693A7}.AppStore|ARM.Deploy.0 = Release|ARM
		{57D9C4E4-A429-4204-8929-00F957E693A7}.AppStore|iPhone.ActiveCfg = Release|x86
		{57D9C4E4-A429-4204-8929-00F957E693A7}.AppStore|iPhone.Build.0 = Release|x86
		{57D9C4E4-A429-4204-8929-00F957E693A7}.AppStore|iPhone.Deploy.0 = Release|x86
		{57D9C4E4-A429-4204-8929-00F957E693A7}.AppStore|iPhoneSimulator.ActiveCfg = Release|x86
		{57D9C4E4-A429-4204-8929-00F957E693A7}.AppStore|iPhoneSimulator.Build.0 = Release|x86
		{57D9C4E4-A429-4204-8929-00F957E693A7}.AppStore|iPhoneSimulator.Deploy.0 = Release|x86
		{57D9C4E4-A429-4204-8929-00F957E693A7}.AppStore|x64.ActiveCfg = Release|x64
		{57D9C4E4-A429-4204-8929-00F957E693A7}.AppStore|x64.Build.0 = Release|x64
		{57D9C4E4-A429-4204-8929-00F957E693A7}.AppStore|x64.Deploy.0 = Release|x64
		{57D9C4E4-A429-4204-8929-00F957E693A7}.AppStore|x86.ActiveCfg = Release|x86
		{57D9C4E4-A429-4204-8929-00F957E693A7}.AppStore|x86.Build.0 = Release|x86
		{57D9C4E4-A429-4204-8929-00F957E693A7}.AppStore|x86.Deploy.0 = Release|x86
		{57D9C4E4-A429-4204-8929-00F957E693A7}.Debug|Any CPU.ActiveCfg = Debug|x86
		{57D9C4E4-A429-4204-8929-00F957E693A7}.Debug|ARM.ActiveCfg = Debug|ARM
		{57D9C4E4-A429-4204-8929-00F957E693A7}.Debug|ARM.Build.0 = Debug|ARM
		{57D9C4E4-A429-4204-8929-00F957E693A7}.Debug|ARM.Deploy.0 = Debug|ARM
		{57D9C4E4-A429-4204-8929-00F957E693A7}.Debug|iPhone.ActiveCfg = Debug|x86
		{57D9C4E4-A429-4204-8929-00F957E693A7}.Debug|iPhoneSimulator.ActiveCfg = Debug|x86
		{57D9C4E4-A429-4204-8929-00F957E693A7}.Debug|x64.ActiveCfg = Debug|x64
		{57D9C4E4-A429-4204-8929-00F957E693A7}.Debug|x64.Build.0 = Debug|x64
		{57D9C4E4-A429-4204-8929-00F957E693A7}.Debug|x64.Deploy.0 = Debug|x64
		{57D9C4E4-A429-4204-8929-00F957E693A7}.Debug|x86.ActiveCfg = Debug|x86
		{57D9C4E4-A429-4204-8929-00F957E693A7}.Debug|x86.Build.0 = Debug|x86
		{57D9C4E4-A429-4204-8929-00F957E693A7}.Debug|x86.Deploy.0 = Debug|x86
		{57D9C4E4-A429-4204-8929-00F957E693A7}.Release|Any CPU.ActiveCfg = Release|x86
		{57D9C4E4-A429-4204-8929-00F957E693A7}.Release|ARM.ActiveCfg = Release|ARM
		{57D9C4E4-A429-4204-8929-00F957E693A7}.Release|ARM.Build.0 = Release|ARM
		{57D9C4E4-A429-4204-8929-00F957E693A7}.Release|ARM.Deploy.0 = Release|ARM
		{57D9C4E4-A429-4204-8929-00F957E693A7}.Release|iPhone.ActiveCfg = Release|x86
		{57D9C4E4-A429-4204-8929-00F957E693A7}.Release|iPhoneSimulator.ActiveCfg = Release|x86
		{57D9C4E4-A429-4204-8929-00F957E693A7}.Release|x64.ActiveCfg = Release|x64
		{57D9C4E4-A429-4204-8929-00F957E693A7}.Release|x64.Build.0 = Release|x64
		{57D9C4E4-A429-4204-8929-00F957E693A7}.Release|x64.Deploy.0 = Release|x64
		{57D9C4E4-A429-4204-8929-00F957E693A7}.Release|x86.ActiveCfg = Release|x86
		{57D9C4E4-A429-4204-8929-00F957E693A7}.Release|x86.Build.0 = Release|x86
		{57D9C4E4-A429-4204-8929-00F957E693A7}.Release|x86.Deploy.0 = Release|x86
		{12C3FB8F-0476-4520-9F17-47FF74AB2350}.Ad-Hoc|Any CPU.ActiveCfg = Debug|Any CPU
		{12C3FB8F-0476-4520-9F17-47FF74AB2350}.Ad-Hoc|Any CPU.Build.0 = Debug|Any CPU
		{12C3FB8F-0476-4520-9F17-47FF74AB2350}.Ad-Hoc|ARM.ActiveCfg = Debug|Any CPU
		{12C3FB8F-0476-4520-9F17-47FF74AB2350}.Ad-Hoc|ARM.Build.0 = Debug|Any CPU
		{12C3FB8F-0476-4520-9F17-47FF74AB2350}.Ad-Hoc|iPhone.ActiveCfg = Debug|Any CPU
		{12C3FB8F-0476-4520-9F17-47FF74AB2350}.Ad-Hoc|iPhone.Build.0 = Debug|Any CPU
		{12C3FB8F-0476-4520-9F17-47FF74AB2350}.Ad-Hoc|iPhoneSimulator.ActiveCfg = Debug|Any CPU
		{12C3FB8F-0476-4520-9F17-47FF74AB2350}.Ad-Hoc|iPhoneSimulator.Build.0 = Debug|Any CPU
		{12C3FB8F-0476-4520-9F17-47FF74AB2350}.Ad-Hoc|x64.ActiveCfg = Debug|Any CPU
		{12C3FB8F-0476-4520-9F17-47FF74AB2350}.Ad-Hoc|x64.Build.0 = Debug|Any CPU
		{12C3FB8F-0476-4520-9F17-47FF74AB2350}.Ad-Hoc|x86.ActiveCfg = Debug|Any CPU
		{12C3FB8F-0476-4520-9F17-47FF74AB2350}.Ad-Hoc|x86.Build.0 = Debug|Any CPU
		{12C3FB8F-0476-4520-9F17-47FF74AB2350}.AppStore|Any CPU.ActiveCfg = Debug|Any CPU
		{12C3FB8F-0476-4520-9F17-47FF74AB2350}.AppStore|Any CPU.Build.0 = Debug|Any CPU
		{12C3FB8F-0476-4520-9F17-47FF74AB2350}.AppStore|ARM.ActiveCfg = Debug|Any CPU
		{12C3FB8F-0476-4520-9F17-47FF74AB2350}.AppStore|ARM.Build.0 = Debug|Any CPU
		{12C3FB8F-0476-4520-9F17-47FF74AB2350}.AppStore|iPhone.ActiveCfg = Debug|Any CPU
		{12C3FB8F-0476-4520-9F17-47FF74AB2350}.AppStore|iPhone.Build.0 = Debug|Any CPU
		{12C3FB8F-0476-4520-9F17-47FF74AB2350}.AppStore|iPhoneSimulator.ActiveCfg = Debug|Any CPU
		{12C3FB8F-0476-4520-9F17-47FF74AB2350}.AppStore|iPhoneSimulator.Build.0 = Debug|Any CPU
		{12C3FB8F-0476-4520-9F17-47FF74AB2350}.AppStore|x64.ActiveCfg = Debug|Any CPU
		{12C3FB8F-0476-4520-9F17-47FF74AB2350}.AppStore|x64.Build.0 = Debug|Any CPU
		{12C3FB8F-0476-4520-9F17-47FF74AB2350}.AppStore|x86.ActiveCfg = Debug|Any CPU
		{12C3FB8F-0476-4520-9F17-47FF74AB2350}.AppStore|x86.Build.0 = Debug|Any CPU
		{12C3FB8F-0476-4520-9F17-47FF74AB2350}.Debug|Any CPU.ActiveCfg = Debug|Any CPU
		{12C3FB8F-0476-4520-9F17-47FF74AB2350}.Debug|Any CPU.Build.0 = Debug|Any CPU
		{12C3FB8F-0476-4520-9F17-47FF74AB2350}.Debug|ARM.ActiveCfg = Debug|Any CPU
		{12C3FB8F-0476-4520-9F17-47FF74AB2350}.Debug|ARM.Build.0 = Debug|Any CPU
		{12C3FB8F-0476-4520-9F17-47FF74AB2350}.Debug|iPhone.ActiveCfg = Debug|Any CPU
		{12C3FB8F-0476-4520-9F17-47FF74AB2350}.Debug|iPhone.Build.0 = Debug|Any CPU
		{12C3FB8F-0476-4520-9F17-47FF74AB2350}.Debug|iPhoneSimulator.ActiveCfg = Debug|Any CPU
		{12C3FB8F-0476-4520-9F17-47FF74AB2350}.Debug|iPhoneSimulator.Build.0 = Debug|Any CPU
		{12C3FB8F-0476-4520-9F17-47FF74AB2350}.Debug|x64.ActiveCfg = Debug|Any CPU
		{12C3FB8F-0476-4520-9F17-47FF74AB2350}.Debug|x64.Build.0 = Debug|Any CPU
		{12C3FB8F-0476-4520-9F17-47FF74AB2350}.Debug|x86.ActiveCfg = Debug|Any CPU
		{12C3FB8F-0476-4520-9F17-47FF74AB2350}.Debug|x86.Build.0 = Debug|Any CPU
		{12C3FB8F-0476-4520-9F17-47FF74AB2350}.Release|Any CPU.ActiveCfg = Release|Any CPU
		{12C3FB8F-0476-4520-9F17-47FF74AB2350}.Release|Any CPU.Build.0 = Release|Any CPU
		{12C3FB8F-0476-4520-9F17-47FF74AB2350}.Release|ARM.ActiveCfg = Release|Any CPU
		{12C3FB8F-0476-4520-9F17-47FF74AB2350}.Release|ARM.Build.0 = Release|Any CPU
		{12C3FB8F-0476-4520-9F17-47FF74AB2350}.Release|iPhone.ActiveCfg = Release|Any CPU
		{12C3FB8F-0476-4520-9F17-47FF74AB2350}.Release|iPhone.Build.0 = Release|Any CPU
		{12C3FB8F-0476-4520-9F17-47FF74AB2350}.Release|iPhoneSimulator.ActiveCfg = Release|Any CPU
		{12C3FB8F-0476-4520-9F17-47FF74AB2350}.Release|iPhoneSimulator.Build.0 = Release|Any CPU
		{12C3FB8F-0476-4520-9F17-47FF74AB2350}.Release|x64.ActiveCfg = Release|Any CPU
		{12C3FB8F-0476-4520-9F17-47FF74AB2350}.Release|x64.Build.0 = Release|Any CPU
		{12C3FB8F-0476-4520-9F17-47FF74AB2350}.Release|x86.ActiveCfg = Release|Any CPU
		{12C3FB8F-0476-4520-9F17-47FF74AB2350}.Release|x86.Build.0 = Release|Any CPU
		{82658988-9776-4EB0-8E0F-84AD1E8E61FA}.Ad-Hoc|Any CPU.ActiveCfg = Debug|Any CPU
		{82658988-9776-4EB0-8E0F-84AD1E8E61FA}.Ad-Hoc|Any CPU.Build.0 = Debug|Any CPU
		{82658988-9776-4EB0-8E0F-84AD1E8E61FA}.Ad-Hoc|ARM.ActiveCfg = Debug|Any CPU
		{82658988-9776-4EB0-8E0F-84AD1E8E61FA}.Ad-Hoc|ARM.Build.0 = Debug|Any CPU
		{82658988-9776-4EB0-8E0F-84AD1E8E61FA}.Ad-Hoc|iPhone.ActiveCfg = Debug|Any CPU
		{82658988-9776-4EB0-8E0F-84AD1E8E61FA}.Ad-Hoc|iPhone.Build.0 = Debug|Any CPU
		{82658988-9776-4EB0-8E0F-84AD1E8E61FA}.Ad-Hoc|iPhoneSimulator.ActiveCfg = Debug|Any CPU
		{82658988-9776-4EB0-8E0F-84AD1E8E61FA}.Ad-Hoc|iPhoneSimulator.Build.0 = Debug|Any CPU
		{82658988-9776-4EB0-8E0F-84AD1E8E61FA}.Ad-Hoc|x64.ActiveCfg = Debug|Any CPU
		{82658988-9776-4EB0-8E0F-84AD1E8E61FA}.Ad-Hoc|x64.Build.0 = Debug|Any CPU
		{82658988-9776-4EB0-8E0F-84AD1E8E61FA}.Ad-Hoc|x86.ActiveCfg = Debug|Any CPU
		{82658988-9776-4EB0-8E0F-84AD1E8E61FA}.Ad-Hoc|x86.Build.0 = Debug|Any CPU
		{82658988-9776-4EB0-8E0F-84AD1E8E61FA}.AppStore|Any CPU.ActiveCfg = Debug|Any CPU
		{82658988-9776-4EB0-8E0F-84AD1E8E61FA}.AppStore|Any CPU.Build.0 = Debug|Any CPU
		{82658988-9776-4EB0-8E0F-84AD1E8E61FA}.AppStore|ARM.ActiveCfg = Debug|Any CPU
		{82658988-9776-4EB0-8E0F-84AD1E8E61FA}.AppStore|ARM.Build.0 = Debug|Any CPU
		{82658988-9776-4EB0-8E0F-84AD1E8E61FA}.AppStore|iPhone.ActiveCfg = Debug|Any CPU
		{82658988-9776-4EB0-8E0F-84AD1E8E61FA}.AppStore|iPhone.Build.0 = Debug|Any CPU
		{82658988-9776-4EB0-8E0F-84AD1E8E61FA}.AppStore|iPhoneSimulator.ActiveCfg = Debug|Any CPU
		{82658988-9776-4EB0-8E0F-84AD1E8E61FA}.AppStore|iPhoneSimulator.Build.0 = Debug|Any CPU
		{82658988-9776-4EB0-8E0F-84AD1E8E61FA}.AppStore|x64.ActiveCfg = Debug|Any CPU
		{82658988-9776-4EB0-8E0F-84AD1E8E61FA}.AppStore|x64.Build.0 = Debug|Any CPU
		{82658988-9776-4EB0-8E0F-84AD1E8E61FA}.AppStore|x86.ActiveCfg = Debug|Any CPU
		{82658988-9776-4EB0-8E0F-84AD1E8E61FA}.AppStore|x86.Build.0 = Debug|Any CPU
		{82658988-9776-4EB0-8E0F-84AD1E8E61FA}.Debug|Any CPU.ActiveCfg = Debug|Any CPU
		{82658988-9776-4EB0-8E0F-84AD1E8E61FA}.Debug|Any CPU.Build.0 = Debug|Any CPU
		{82658988-9776-4EB0-8E0F-84AD1E8E61FA}.Debug|ARM.ActiveCfg = Debug|Any CPU
		{82658988-9776-4EB0-8E0F-84AD1E8E61FA}.Debug|ARM.Build.0 = Debug|Any CPU
		{82658988-9776-4EB0-8E0F-84AD1E8E61FA}.Debug|iPhone.ActiveCfg = Debug|Any CPU
		{82658988-9776-4EB0-8E0F-84AD1E8E61FA}.Debug|iPhone.Build.0 = Debug|Any CPU
		{82658988-9776-4EB0-8E0F-84AD1E8E61FA}.Debug|iPhoneSimulator.ActiveCfg = Debug|Any CPU
		{82658988-9776-4EB0-8E0F-84AD1E8E61FA}.Debug|iPhoneSimulator.Build.0 = Debug|Any CPU
		{82658988-9776-4EB0-8E0F-84AD1E8E61FA}.Debug|x64.ActiveCfg = Debug|Any CPU
		{82658988-9776-4EB0-8E0F-84AD1E8E61FA}.Debug|x64.Build.0 = Debug|Any CPU
		{82658988-9776-4EB0-8E0F-84AD1E8E61FA}.Debug|x86.ActiveCfg = Debug|Any CPU
		{82658988-9776-4EB0-8E0F-84AD1E8E61FA}.Debug|x86.Build.0 = Debug|Any CPU
		{82658988-9776-4EB0-8E0F-84AD1E8E61FA}.Release|Any CPU.ActiveCfg = Release|Any CPU
		{82658988-9776-4EB0-8E0F-84AD1E8E61FA}.Release|Any CPU.Build.0 = Release|Any CPU
		{82658988-9776-4EB0-8E0F-84AD1E8E61FA}.Release|ARM.ActiveCfg = Release|Any CPU
		{82658988-9776-4EB0-8E0F-84AD1E8E61FA}.Release|ARM.Build.0 = Release|Any CPU
		{82658988-9776-4EB0-8E0F-84AD1E8E61FA}.Release|iPhone.ActiveCfg = Release|Any CPU
		{82658988-9776-4EB0-8E0F-84AD1E8E61FA}.Release|iPhone.Build.0 = Release|Any CPU
		{82658988-9776-4EB0-8E0F-84AD1E8E61FA}.Release|iPhoneSimulator.ActiveCfg = Release|Any CPU
		{82658988-9776-4EB0-8E0F-84AD1E8E61FA}.Release|iPhoneSimulator.Build.0 = Release|Any CPU
		{82658988-9776-4EB0-8E0F-84AD1E8E61FA}.Release|x64.ActiveCfg = Release|Any CPU
		{82658988-9776-4EB0-8E0F-84AD1E8E61FA}.Release|x64.Build.0 = Release|Any CPU
		{82658988-9776-4EB0-8E0F-84AD1E8E61FA}.Release|x86.ActiveCfg = Release|Any CPU
		{82658988-9776-4EB0-8E0F-84AD1E8E61FA}.Release|x86.Build.0 = Release|Any CPU
		{260F379B-59B7-4E47-BCEC-9EEBBF9C8DED}.Ad-Hoc|Any CPU.ActiveCfg = Debug|Any CPU
		{260F379B-59B7-4E47-BCEC-9EEBBF9C8DED}.Ad-Hoc|Any CPU.Build.0 = Debug|Any CPU
		{260F379B-59B7-4E47-BCEC-9EEBBF9C8DED}.Ad-Hoc|ARM.ActiveCfg = Debug|Any CPU
		{260F379B-59B7-4E47-BCEC-9EEBBF9C8DED}.Ad-Hoc|ARM.Build.0 = Debug|Any CPU
		{260F379B-59B7-4E47-BCEC-9EEBBF9C8DED}.Ad-Hoc|iPhone.ActiveCfg = Debug|Any CPU
		{260F379B-59B7-4E47-BCEC-9EEBBF9C8DED}.Ad-Hoc|iPhone.Build.0 = Debug|Any CPU
		{260F379B-59B7-4E47-BCEC-9EEBBF9C8DED}.Ad-Hoc|iPhoneSimulator.ActiveCfg = Debug|Any CPU
		{260F379B-59B7-4E47-BCEC-9EEBBF9C8DED}.Ad-Hoc|iPhoneSimulator.Build.0 = Debug|Any CPU
		{260F379B-59B7-4E47-BCEC-9EEBBF9C8DED}.Ad-Hoc|x64.ActiveCfg = Debug|Any CPU
		{260F379B-59B7-4E47-BCEC-9EEBBF9C8DED}.Ad-Hoc|x64.Build.0 = Debug|Any CPU
		{260F379B-59B7-4E47-BCEC-9EEBBF9C8DED}.Ad-Hoc|x86.ActiveCfg = Debug|Any CPU
		{260F379B-59B7-4E47-BCEC-9EEBBF9C8DED}.Ad-Hoc|x86.Build.0 = Debug|Any CPU
		{260F379B-59B7-4E47-BCEC-9EEBBF9C8DED}.AppStore|Any CPU.ActiveCfg = Debug|Any CPU
		{260F379B-59B7-4E47-BCEC-9EEBBF9C8DED}.AppStore|Any CPU.Build.0 = Debug|Any CPU
		{260F379B-59B7-4E47-BCEC-9EEBBF9C8DED}.AppStore|ARM.ActiveCfg = Debug|Any CPU
		{260F379B-59B7-4E47-BCEC-9EEBBF9C8DED}.AppStore|ARM.Build.0 = Debug|Any CPU
		{260F379B-59B7-4E47-BCEC-9EEBBF9C8DED}.AppStore|iPhone.ActiveCfg = Debug|Any CPU
		{260F379B-59B7-4E47-BCEC-9EEBBF9C8DED}.AppStore|iPhone.Build.0 = Debug|Any CPU
		{260F379B-59B7-4E47-BCEC-9EEBBF9C8DED}.AppStore|iPhoneSimulator.ActiveCfg = Debug|Any CPU
		{260F379B-59B7-4E47-BCEC-9EEBBF9C8DED}.AppStore|iPhoneSimulator.Build.0 = Debug|Any CPU
		{260F379B-59B7-4E47-BCEC-9EEBBF9C8DED}.AppStore|x64.ActiveCfg = Debug|Any CPU
		{260F379B-59B7-4E47-BCEC-9EEBBF9C8DED}.AppStore|x64.Build.0 = Debug|Any CPU
		{260F379B-59B7-4E47-BCEC-9EEBBF9C8DED}.AppStore|x86.ActiveCfg = Debug|Any CPU
		{260F379B-59B7-4E47-BCEC-9EEBBF9C8DED}.AppStore|x86.Build.0 = Debug|Any CPU
		{260F379B-59B7-4E47-BCEC-9EEBBF9C8DED}.Debug|Any CPU.ActiveCfg = Debug|Any CPU
		{260F379B-59B7-4E47-BCEC-9EEBBF9C8DED}.Debug|Any CPU.Build.0 = Debug|Any CPU
		{260F379B-59B7-4E47-BCEC-9EEBBF9C8DED}.Debug|ARM.ActiveCfg = Debug|Any CPU
		{260F379B-59B7-4E47-BCEC-9EEBBF9C8DED}.Debug|ARM.Build.0 = Debug|Any CPU
		{260F379B-59B7-4E47-BCEC-9EEBBF9C8DED}.Debug|iPhone.ActiveCfg = Debug|Any CPU
		{260F379B-59B7-4E47-BCEC-9EEBBF9C8DED}.Debug|iPhone.Build.0 = Debug|Any CPU
		{260F379B-59B7-4E47-BCEC-9EEBBF9C8DED}.Debug|iPhoneSimulator.ActiveCfg = Debug|Any CPU
		{260F379B-59B7-4E47-BCEC-9EEBBF9C8DED}.Debug|iPhoneSimulator.Build.0 = Debug|Any CPU
		{260F379B-59B7-4E47-BCEC-9EEBBF9C8DED}.Debug|x64.ActiveCfg = Debug|Any CPU
		{260F379B-59B7-4E47-BCEC-9EEBBF9C8DED}.Debug|x64.Build.0 = Debug|Any CPU
		{260F379B-59B7-4E47-BCEC-9EEBBF9C8DED}.Debug|x86.ActiveCfg = Debug|Any CPU
		{260F379B-59B7-4E47-BCEC-9EEBBF9C8DED}.Debug|x86.Build.0 = Debug|Any CPU
		{260F379B-59B7-4E47-BCEC-9EEBBF9C8DED}.Release|Any CPU.ActiveCfg = Release|Any CPU
		{260F379B-59B7-4E47-BCEC-9EEBBF9C8DED}.Release|Any CPU.Build.0 = Release|Any CPU
		{260F379B-59B7-4E47-BCEC-9EEBBF9C8DED}.Release|ARM.ActiveCfg = Release|Any CPU
		{260F379B-59B7-4E47-BCEC-9EEBBF9C8DED}.Release|ARM.Build.0 = Release|Any CPU
		{260F379B-59B7-4E47-BCEC-9EEBBF9C8DED}.Release|iPhone.ActiveCfg = Release|Any CPU
		{260F379B-59B7-4E47-BCEC-9EEBBF9C8DED}.Release|iPhone.Build.0 = Release|Any CPU
		{260F379B-59B7-4E47-BCEC-9EEBBF9C8DED}.Release|iPhoneSimulator.ActiveCfg = Release|Any CPU
		{260F379B-59B7-4E47-BCEC-9EEBBF9C8DED}.Release|iPhoneSimulator.Build.0 = Release|Any CPU
		{260F379B-59B7-4E47-BCEC-9EEBBF9C8DED}.Release|x64.ActiveCfg = Release|Any CPU
		{260F379B-59B7-4E47-BCEC-9EEBBF9C8DED}.Release|x64.Build.0 = Release|Any CPU
		{260F379B-59B7-4E47-BCEC-9EEBBF9C8DED}.Release|x86.ActiveCfg = Release|Any CPU
		{260F379B-59B7-4E47-BCEC-9EEBBF9C8DED}.Release|x86.Build.0 = Release|Any CPU
		{2113B019-5F00-41CD-B623-F5736C9E7E1E}.Ad-Hoc|Any CPU.ActiveCfg = Debug|Any CPU
		{2113B019-5F00-41CD-B623-F5736C9E7E1E}.Ad-Hoc|Any CPU.Build.0 = Debug|Any CPU
		{2113B019-5F00-41CD-B623-F5736C9E7E1E}.Ad-Hoc|ARM.ActiveCfg = Debug|Any CPU
		{2113B019-5F00-41CD-B623-F5736C9E7E1E}.Ad-Hoc|ARM.Build.0 = Debug|Any CPU
		{2113B019-5F00-41CD-B623-F5736C9E7E1E}.Ad-Hoc|iPhone.ActiveCfg = Debug|Any CPU
		{2113B019-5F00-41CD-B623-F5736C9E7E1E}.Ad-Hoc|iPhone.Build.0 = Debug|Any CPU
		{2113B019-5F00-41CD-B623-F5736C9E7E1E}.Ad-Hoc|iPhoneSimulator.ActiveCfg = Debug|Any CPU
		{2113B019-5F00-41CD-B623-F5736C9E7E1E}.Ad-Hoc|iPhoneSimulator.Build.0 = Debug|Any CPU
		{2113B019-5F00-41CD-B623-F5736C9E7E1E}.Ad-Hoc|x64.ActiveCfg = Debug|Any CPU
		{2113B019-5F00-41CD-B623-F5736C9E7E1E}.Ad-Hoc|x64.Build.0 = Debug|Any CPU
		{2113B019-5F00-41CD-B623-F5736C9E7E1E}.Ad-Hoc|x86.ActiveCfg = Debug|Any CPU
		{2113B019-5F00-41CD-B623-F5736C9E7E1E}.Ad-Hoc|x86.Build.0 = Debug|Any CPU
		{2113B019-5F00-41CD-B623-F5736C9E7E1E}.AppStore|Any CPU.ActiveCfg = Debug|Any CPU
		{2113B019-5F00-41CD-B623-F5736C9E7E1E}.AppStore|Any CPU.Build.0 = Debug|Any CPU
		{2113B019-5F00-41CD-B623-F5736C9E7E1E}.AppStore|ARM.ActiveCfg = Debug|Any CPU
		{2113B019-5F00-41CD-B623-F5736C9E7E1E}.AppStore|ARM.Build.0 = Debug|Any CPU
		{2113B019-5F00-41CD-B623-F5736C9E7E1E}.AppStore|iPhone.ActiveCfg = Debug|Any CPU
		{2113B019-5F00-41CD-B623-F5736C9E7E1E}.AppStore|iPhone.Build.0 = Debug|Any CPU
		{2113B019-5F00-41CD-B623-F5736C9E7E1E}.AppStore|iPhoneSimulator.ActiveCfg = Debug|Any CPU
		{2113B019-5F00-41CD-B623-F5736C9E7E1E}.AppStore|iPhoneSimulator.Build.0 = Debug|Any CPU
		{2113B019-5F00-41CD-B623-F5736C9E7E1E}.AppStore|x64.ActiveCfg = Debug|Any CPU
		{2113B019-5F00-41CD-B623-F5736C9E7E1E}.AppStore|x64.Build.0 = Debug|Any CPU
		{2113B019-5F00-41CD-B623-F5736C9E7E1E}.AppStore|x86.ActiveCfg = Debug|Any CPU
		{2113B019-5F00-41CD-B623-F5736C9E7E1E}.AppStore|x86.Build.0 = Debug|Any CPU
		{2113B019-5F00-41CD-B623-F5736C9E7E1E}.Debug|Any CPU.ActiveCfg = Debug|Any CPU
		{2113B019-5F00-41CD-B623-F5736C9E7E1E}.Debug|Any CPU.Build.0 = Debug|Any CPU
		{2113B019-5F00-41CD-B623-F5736C9E7E1E}.Debug|ARM.ActiveCfg = Debug|Any CPU
		{2113B019-5F00-41CD-B623-F5736C9E7E1E}.Debug|ARM.Build.0 = Debug|Any CPU
		{2113B019-5F00-41CD-B623-F5736C9E7E1E}.Debug|iPhone.ActiveCfg = Debug|Any CPU
		{2113B019-5F00-41CD-B623-F5736C9E7E1E}.Debug|iPhone.Build.0 = Debug|Any CPU
		{2113B019-5F00-41CD-B623-F5736C9E7E1E}.Debug|iPhoneSimulator.ActiveCfg = Debug|Any CPU
		{2113B019-5F00-41CD-B623-F5736C9E7E1E}.Debug|iPhoneSimulator.Build.0 = Debug|Any CPU
		{2113B019-5F00-41CD-B623-F5736C9E7E1E}.Debug|x64.ActiveCfg = Debug|Any CPU
		{2113B019-5F00-41CD-B623-F5736C9E7E1E}.Debug|x64.Build.0 = Debug|Any CPU
		{2113B019-5F00-41CD-B623-F5736C9E7E1E}.Debug|x86.ActiveCfg = Debug|Any CPU
		{2113B019-5F00-41CD-B623-F5736C9E7E1E}.Debug|x86.Build.0 = Debug|Any CPU
		{2113B019-5F00-41CD-B623-F5736C9E7E1E}.Release|Any CPU.ActiveCfg = Release|Any CPU
		{2113B019-5F00-41CD-B623-F5736C9E7E1E}.Release|Any CPU.Build.0 = Release|Any CPU
		{2113B019-5F00-41CD-B623-F5736C9E7E1E}.Release|ARM.ActiveCfg = Release|Any CPU
		{2113B019-5F00-41CD-B623-F5736C9E7E1E}.Release|ARM.Build.0 = Release|Any CPU
		{2113B019-5F00-41CD-B623-F5736C9E7E1E}.Release|iPhone.ActiveCfg = Release|Any CPU
		{2113B019-5F00-41CD-B623-F5736C9E7E1E}.Release|iPhone.Build.0 = Release|Any CPU
		{2113B019-5F00-41CD-B623-F5736C9E7E1E}.Release|iPhoneSimulator.ActiveCfg = Release|Any CPU
		{2113B019-5F00-41CD-B623-F5736C9E7E1E}.Release|iPhoneSimulator.Build.0 = Release|Any CPU
		{2113B019-5F00-41CD-B623-F5736C9E7E1E}.Release|x64.ActiveCfg = Release|Any CPU
		{2113B019-5F00-41CD-B623-F5736C9E7E1E}.Release|x64.Build.0 = Release|Any CPU
		{2113B019-5F00-41CD-B623-F5736C9E7E1E}.Release|x86.ActiveCfg = Release|Any CPU
		{2113B019-5F00-41CD-B623-F5736C9E7E1E}.Release|x86.Build.0 = Release|Any CPU
		{070E89FA-7493-484C-9434-50AA8D7AA76E}.Ad-Hoc|Any CPU.ActiveCfg = Debug|Any CPU
		{070E89FA-7493-484C-9434-50AA8D7AA76E}.Ad-Hoc|Any CPU.Build.0 = Debug|Any CPU
		{070E89FA-7493-484C-9434-50AA8D7AA76E}.Ad-Hoc|ARM.ActiveCfg = Debug|Any CPU
		{070E89FA-7493-484C-9434-50AA8D7AA76E}.Ad-Hoc|ARM.Build.0 = Debug|Any CPU
		{070E89FA-7493-484C-9434-50AA8D7AA76E}.Ad-Hoc|iPhone.ActiveCfg = Debug|Any CPU
		{070E89FA-7493-484C-9434-50AA8D7AA76E}.Ad-Hoc|iPhone.Build.0 = Debug|Any CPU
		{070E89FA-7493-484C-9434-50AA8D7AA76E}.Ad-Hoc|iPhoneSimulator.ActiveCfg = Debug|Any CPU
		{070E89FA-7493-484C-9434-50AA8D7AA76E}.Ad-Hoc|iPhoneSimulator.Build.0 = Debug|Any CPU
		{070E89FA-7493-484C-9434-50AA8D7AA76E}.Ad-Hoc|x64.ActiveCfg = Debug|Any CPU
		{070E89FA-7493-484C-9434-50AA8D7AA76E}.Ad-Hoc|x64.Build.0 = Debug|Any CPU
		{070E89FA-7493-484C-9434-50AA8D7AA76E}.Ad-Hoc|x86.ActiveCfg = Debug|Any CPU
		{070E89FA-7493-484C-9434-50AA8D7AA76E}.Ad-Hoc|x86.Build.0 = Debug|Any CPU
		{070E89FA-7493-484C-9434-50AA8D7AA76E}.AppStore|Any CPU.ActiveCfg = Debug|Any CPU
		{070E89FA-7493-484C-9434-50AA8D7AA76E}.AppStore|Any CPU.Build.0 = Debug|Any CPU
		{070E89FA-7493-484C-9434-50AA8D7AA76E}.AppStore|ARM.ActiveCfg = Debug|Any CPU
		{070E89FA-7493-484C-9434-50AA8D7AA76E}.AppStore|ARM.Build.0 = Debug|Any CPU
		{070E89FA-7493-484C-9434-50AA8D7AA76E}.AppStore|iPhone.ActiveCfg = Debug|Any CPU
		{070E89FA-7493-484C-9434-50AA8D7AA76E}.AppStore|iPhone.Build.0 = Debug|Any CPU
		{070E89FA-7493-484C-9434-50AA8D7AA76E}.AppStore|iPhoneSimulator.ActiveCfg = Debug|Any CPU
		{070E89FA-7493-484C-9434-50AA8D7AA76E}.AppStore|iPhoneSimulator.Build.0 = Debug|Any CPU
		{070E89FA-7493-484C-9434-50AA8D7AA76E}.AppStore|x64.ActiveCfg = Debug|Any CPU
		{070E89FA-7493-484C-9434-50AA8D7AA76E}.AppStore|x64.Build.0 = Debug|Any CPU
		{070E89FA-7493-484C-9434-50AA8D7AA76E}.AppStore|x86.ActiveCfg = Debug|Any CPU
		{070E89FA-7493-484C-9434-50AA8D7AA76E}.AppStore|x86.Build.0 = Debug|Any CPU
		{070E89FA-7493-484C-9434-50AA8D7AA76E}.Debug|Any CPU.ActiveCfg = Debug|Any CPU
		{070E89FA-7493-484C-9434-50AA8D7AA76E}.Debug|Any CPU.Build.0 = Debug|Any CPU
		{070E89FA-7493-484C-9434-50AA8D7AA76E}.Debug|ARM.ActiveCfg = Debug|Any CPU
		{070E89FA-7493-484C-9434-50AA8D7AA76E}.Debug|ARM.Build.0 = Debug|Any CPU
		{070E89FA-7493-484C-9434-50AA8D7AA76E}.Debug|iPhone.ActiveCfg = Debug|Any CPU
		{070E89FA-7493-484C-9434-50AA8D7AA76E}.Debug|iPhone.Build.0 = Debug|Any CPU
		{070E89FA-7493-484C-9434-50AA8D7AA76E}.Debug|iPhoneSimulator.ActiveCfg = Debug|Any CPU
		{070E89FA-7493-484C-9434-50AA8D7AA76E}.Debug|iPhoneSimulator.Build.0 = Debug|Any CPU
		{070E89FA-7493-484C-9434-50AA8D7AA76E}.Debug|x64.ActiveCfg = Debug|Any CPU
		{070E89FA-7493-484C-9434-50AA8D7AA76E}.Debug|x64.Build.0 = Debug|Any CPU
		{070E89FA-7493-484C-9434-50AA8D7AA76E}.Debug|x86.ActiveCfg = Debug|Any CPU
		{070E89FA-7493-484C-9434-50AA8D7AA76E}.Debug|x86.Build.0 = Debug|Any CPU
		{070E89FA-7493-484C-9434-50AA8D7AA76E}.Release|Any CPU.ActiveCfg = Release|Any CPU
		{070E89FA-7493-484C-9434-50AA8D7AA76E}.Release|Any CPU.Build.0 = Release|Any CPU
		{070E89FA-7493-484C-9434-50AA8D7AA76E}.Release|ARM.ActiveCfg = Release|Any CPU
		{070E89FA-7493-484C-9434-50AA8D7AA76E}.Release|ARM.Build.0 = Release|Any CPU
		{070E89FA-7493-484C-9434-50AA8D7AA76E}.Release|iPhone.ActiveCfg = Release|Any CPU
		{070E89FA-7493-484C-9434-50AA8D7AA76E}.Release|iPhone.Build.0 = Release|Any CPU
		{070E89FA-7493-484C-9434-50AA8D7AA76E}.Release|iPhoneSimulator.ActiveCfg = Release|Any CPU
		{070E89FA-7493-484C-9434-50AA8D7AA76E}.Release|iPhoneSimulator.Build.0 = Release|Any CPU
		{070E89FA-7493-484C-9434-50AA8D7AA76E}.Release|x64.ActiveCfg = Release|Any CPU
		{070E89FA-7493-484C-9434-50AA8D7AA76E}.Release|x64.Build.0 = Release|Any CPU
		{070E89FA-7493-484C-9434-50AA8D7AA76E}.Release|x86.ActiveCfg = Release|Any CPU
		{070E89FA-7493-484C-9434-50AA8D7AA76E}.Release|x86.Build.0 = Release|Any CPU
		{058D1E4D-6BC8-4DE9-AFEC-7C0C8CC12B4B}.Ad-Hoc|Any CPU.ActiveCfg = Debug|Any CPU
		{058D1E4D-6BC8-4DE9-AFEC-7C0C8CC12B4B}.Ad-Hoc|Any CPU.Build.0 = Debug|Any CPU
		{058D1E4D-6BC8-4DE9-AFEC-7C0C8CC12B4B}.Ad-Hoc|ARM.ActiveCfg = Debug|Any CPU
		{058D1E4D-6BC8-4DE9-AFEC-7C0C8CC12B4B}.Ad-Hoc|ARM.Build.0 = Debug|Any CPU
		{058D1E4D-6BC8-4DE9-AFEC-7C0C8CC12B4B}.Ad-Hoc|iPhone.ActiveCfg = Debug|Any CPU
		{058D1E4D-6BC8-4DE9-AFEC-7C0C8CC12B4B}.Ad-Hoc|iPhone.Build.0 = Debug|Any CPU
		{058D1E4D-6BC8-4DE9-AFEC-7C0C8CC12B4B}.Ad-Hoc|iPhoneSimulator.ActiveCfg = Debug|Any CPU
		{058D1E4D-6BC8-4DE9-AFEC-7C0C8CC12B4B}.Ad-Hoc|iPhoneSimulator.Build.0 = Debug|Any CPU
		{058D1E4D-6BC8-4DE9-AFEC-7C0C8CC12B4B}.Ad-Hoc|x64.ActiveCfg = Debug|Any CPU
		{058D1E4D-6BC8-4DE9-AFEC-7C0C8CC12B4B}.Ad-Hoc|x64.Build.0 = Debug|Any CPU
		{058D1E4D-6BC8-4DE9-AFEC-7C0C8CC12B4B}.Ad-Hoc|x86.ActiveCfg = Debug|Any CPU
		{058D1E4D-6BC8-4DE9-AFEC-7C0C8CC12B4B}.Ad-Hoc|x86.Build.0 = Debug|Any CPU
		{058D1E4D-6BC8-4DE9-AFEC-7C0C8CC12B4B}.AppStore|Any CPU.ActiveCfg = Debug|Any CPU
		{058D1E4D-6BC8-4DE9-AFEC-7C0C8CC12B4B}.AppStore|Any CPU.Build.0 = Debug|Any CPU
		{058D1E4D-6BC8-4DE9-AFEC-7C0C8CC12B4B}.AppStore|ARM.ActiveCfg = Debug|Any CPU
		{058D1E4D-6BC8-4DE9-AFEC-7C0C8CC12B4B}.AppStore|ARM.Build.0 = Debug|Any CPU
		{058D1E4D-6BC8-4DE9-AFEC-7C0C8CC12B4B}.AppStore|iPhone.ActiveCfg = Debug|Any CPU
		{058D1E4D-6BC8-4DE9-AFEC-7C0C8CC12B4B}.AppStore|iPhone.Build.0 = Debug|Any CPU
		{058D1E4D-6BC8-4DE9-AFEC-7C0C8CC12B4B}.AppStore|iPhoneSimulator.ActiveCfg = Debug|Any CPU
		{058D1E4D-6BC8-4DE9-AFEC-7C0C8CC12B4B}.AppStore|iPhoneSimulator.Build.0 = Debug|Any CPU
		{058D1E4D-6BC8-4DE9-AFEC-7C0C8CC12B4B}.AppStore|x64.ActiveCfg = Debug|Any CPU
		{058D1E4D-6BC8-4DE9-AFEC-7C0C8CC12B4B}.AppStore|x64.Build.0 = Debug|Any CPU
		{058D1E4D-6BC8-4DE9-AFEC-7C0C8CC12B4B}.AppStore|x86.ActiveCfg = Debug|Any CPU
		{058D1E4D-6BC8-4DE9-AFEC-7C0C8CC12B4B}.AppStore|x86.Build.0 = Debug|Any CPU
		{058D1E4D-6BC8-4DE9-AFEC-7C0C8CC12B4B}.Debug|Any CPU.ActiveCfg = Debug|Any CPU
		{058D1E4D-6BC8-4DE9-AFEC-7C0C8CC12B4B}.Debug|Any CPU.Build.0 = Debug|Any CPU
		{058D1E4D-6BC8-4DE9-AFEC-7C0C8CC12B4B}.Debug|ARM.ActiveCfg = Debug|Any CPU
		{058D1E4D-6BC8-4DE9-AFEC-7C0C8CC12B4B}.Debug|ARM.Build.0 = Debug|Any CPU
		{058D1E4D-6BC8-4DE9-AFEC-7C0C8CC12B4B}.Debug|iPhone.ActiveCfg = Debug|Any CPU
		{058D1E4D-6BC8-4DE9-AFEC-7C0C8CC12B4B}.Debug|iPhone.Build.0 = Debug|Any CPU
		{058D1E4D-6BC8-4DE9-AFEC-7C0C8CC12B4B}.Debug|iPhoneSimulator.ActiveCfg = Debug|Any CPU
		{058D1E4D-6BC8-4DE9-AFEC-7C0C8CC12B4B}.Debug|iPhoneSimulator.Build.0 = Debug|Any CPU
		{058D1E4D-6BC8-4DE9-AFEC-7C0C8CC12B4B}.Debug|x64.ActiveCfg = Debug|Any CPU
		{058D1E4D-6BC8-4DE9-AFEC-7C0C8CC12B4B}.Debug|x64.Build.0 = Debug|Any CPU
		{058D1E4D-6BC8-4DE9-AFEC-7C0C8CC12B4B}.Debug|x86.ActiveCfg = Debug|Any CPU
		{058D1E4D-6BC8-4DE9-AFEC-7C0C8CC12B4B}.Debug|x86.Build.0 = Debug|Any CPU
		{058D1E4D-6BC8-4DE9-AFEC-7C0C8CC12B4B}.Release|Any CPU.ActiveCfg = Release|Any CPU
		{058D1E4D-6BC8-4DE9-AFEC-7C0C8CC12B4B}.Release|Any CPU.Build.0 = Release|Any CPU
		{058D1E4D-6BC8-4DE9-AFEC-7C0C8CC12B4B}.Release|ARM.ActiveCfg = Release|Any CPU
		{058D1E4D-6BC8-4DE9-AFEC-7C0C8CC12B4B}.Release|ARM.Build.0 = Release|Any CPU
		{058D1E4D-6BC8-4DE9-AFEC-7C0C8CC12B4B}.Release|iPhone.ActiveCfg = Release|Any CPU
		{058D1E4D-6BC8-4DE9-AFEC-7C0C8CC12B4B}.Release|iPhone.Build.0 = Release|Any CPU
		{058D1E4D-6BC8-4DE9-AFEC-7C0C8CC12B4B}.Release|iPhoneSimulator.ActiveCfg = Release|Any CPU
		{058D1E4D-6BC8-4DE9-AFEC-7C0C8CC12B4B}.Release|iPhoneSimulator.Build.0 = Release|Any CPU
		{058D1E4D-6BC8-4DE9-AFEC-7C0C8CC12B4B}.Release|x64.ActiveCfg = Release|Any CPU
		{058D1E4D-6BC8-4DE9-AFEC-7C0C8CC12B4B}.Release|x64.Build.0 = Release|Any CPU
		{058D1E4D-6BC8-4DE9-AFEC-7C0C8CC12B4B}.Release|x86.ActiveCfg = Release|Any CPU
		{058D1E4D-6BC8-4DE9-AFEC-7C0C8CC12B4B}.Release|x86.Build.0 = Release|Any CPU
	EndGlobalSection
	GlobalSection(SolutionProperties) = preSolution
		HideSolutionNode = FALSE
	EndGlobalSection
	GlobalSection(NestedProjects) = preSolution
		{6A74815A-010E-45DB-B5CA-AE61FBCF7C99} = {CF6AC173-808B-4D9F-AD08-A9CFA1D86CCA}
		{0DE3C403-417E-47F6-A3F9-5A8362412D17} = {33AF0297-B59C-45B8-A4F6-7F69364F5FA4}
		{0FDD0E3D-6EF1-4D4E-9BAC-FE43CA3BDD45} = {33AF0297-B59C-45B8-A4F6-7F69364F5FA4}
		{57D9C4E4-A429-4204-8929-00F957E693A7} = {33AF0297-B59C-45B8-A4F6-7F69364F5FA4}
		{12C3FB8F-0476-4520-9F17-47FF74AB2350} = {B94D346B-B1B0-46AB-BF0B-720A06489D45}
		{82658988-9776-4EB0-8E0F-84AD1E8E61FA} = {588ED37F-1FDE-4A24-AC23-24EF16B9F4D5}
		{260F379B-59B7-4E47-BCEC-9EEBBF9C8DED} = {CF6AC173-808B-4D9F-AD08-A9CFA1D86CCA}
		{2113B019-5F00-41CD-B623-F5736C9E7E1E} = {B94D346B-B1B0-46AB-BF0B-720A06489D45}
		{070E89FA-7493-484C-9434-50AA8D7AA76E} = {588ED37F-1FDE-4A24-AC23-24EF16B9F4D5}
		{058D1E4D-6BC8-4DE9-AFEC-7C0C8CC12B4B} = {C63DFF8F-A745-4E69-90E7-5E0EA2249538}
	EndGlobalSection
	GlobalSection(ExtensibilityGlobals) = postSolution
		SolutionGuid = {A9D8DAE0-F9FD-4827-9A1B-D278B295314F}
	EndGlobalSection
EndGlobal
